// !$*UTF8*$!
{
	archiveVersion = 1;
	classes = {
	};
	objectVersion = 51;
	objects = {

/* Begin PBXBuildFile section */
		97524A4B225324DF00A2F878 /* Assets.xcassets in Resources */ = {isa = PBXBuildFile; fileRef = 97524A4A225324DF00A2F878 /* Assets.xcassets */; };
		97524A51225324DF00A2F878 /* main.m in Sources */ = {isa = PBXBuildFile; fileRef = 97524A50225324DF00A2F878 /* main.m */; };
		B7B6421CBFDF434D7BC3EFE4 /* Pods_PictureWords.framework in Frameworks */ = {isa = PBXBuildFile; fileRef = C4A650DC671F7E5299269F94 /* Pods_PictureWords.framework */; };
		FE96796C22B11CD6004585FF /* LaunchImage.storyboard in Resources */ = {isa = PBXBuildFile; fileRef = FE96796B22B11CD6004585FF /* LaunchImage.storyboard */; };
		FEBBAA30237011BE00402A9B /* AppDelegate.m in Sources */ = {isa = PBXBuildFile; fileRef = FEBBAA2C237011BE00402A9B /* AppDelegate.m */; };
		FEBBAA31237011BE00402A9B /* LTPMainTabBarController.m in Sources */ = {isa = PBXBuildFile; fileRef = FEBBAA2E237011BE00402A9B /* LTPMainTabBarController.m */; };
/* End PBXBuildFile section */

/* Begin PBXFileReference section */
		47C8360D80E803BFC8F27326 /* Pods-PictureWords.debug.xcconfig */ = {isa = PBXFileReference; includeInIndex = 1; lastKnownFileType = text.xcconfig; name = "Pods-PictureWords.debug.xcconfig"; path = "Target Support Files/Pods-PictureWords/Pods-PictureWords.debug.xcconfig"; sourceTree = "<group>"; };
		6EE776E4226C1D609ED5D8FF /* Pods-PictureWords.release.xcconfig */ = {isa = PBXFileReference; includeInIndex = 1; lastKnownFileType = text.xcconfig; name = "Pods-PictureWords.release.xcconfig"; path = "Target Support Files/Pods-PictureWords/Pods-PictureWords.release.xcconfig"; sourceTree = "<group>"; };
		97163E952255D7A4007E3380 /* PrefixHeader.pch */ = {isa = PBXFileReference; lastKnownFileType = sourcecode.c.h; path = PrefixHeader.pch; sourceTree = "<group>"; };
		97524A3E225324DF00A2F878 /* PictureWords.app */ = {isa = PBXFileReference; explicitFileType = wrapper.application; includeInIndex = 0; path = PictureWords.app; sourceTree = BUILT_PRODUCTS_DIR; };
		97524A4A225324DF00A2F878 /* Assets.xcassets */ = {isa = PBXFileReference; lastKnownFileType = folder.assetcatalog; path = Assets.xcassets; sourceTree = "<group>"; };
		97524A4F225324DF00A2F878 /* Info.plist */ = {isa = PBXFileReference; lastKnownFileType = text.plist.xml; path = Info.plist; sourceTree = "<group>"; };
		97524A50225324DF00A2F878 /* main.m */ = {isa = PBXFileReference; lastKnownFileType = sourcecode.c.objc; path = main.m; sourceTree = "<group>"; };
		C4A650DC671F7E5299269F94 /* Pods_PictureWords.framework */ = {isa = PBXFileReference; explicitFileType = wrapper.framework; includeInIndex = 0; path = Pods_PictureWords.framework; sourceTree = BUILT_PRODUCTS_DIR; };
		FE96796B22B11CD6004585FF /* LaunchImage.storyboard */ = {isa = PBXFileReference; lastKnownFileType = file.storyboard; path = LaunchImage.storyboard; sourceTree = "<group>"; };
		FEBBAA2C237011BE00402A9B /* AppDelegate.m */ = {isa = PBXFileReference; fileEncoding = 4; lastKnownFileType = sourcecode.c.objc; path = AppDelegate.m; sourceTree = "<group>"; };
		FEBBAA2D237011BE00402A9B /* AppDelegate.h */ = {isa = PBXFileReference; fileEncoding = 4; lastKnownFileType = sourcecode.c.h; path = AppDelegate.h; sourceTree = "<group>"; };
		FEBBAA2E237011BE00402A9B /* LTPMainTabBarController.m */ = {isa = PBXFileReference; fileEncoding = 4; lastKnownFileType = sourcecode.c.objc; path = LTPMainTabBarController.m; sourceTree = "<group>"; };
		FEBBAA2F237011BE00402A9B /* LTPMainTabBarController.h */ = {isa = PBXFileReference; fileEncoding = 4; lastKnownFileType = sourcecode.c.h; path = LTPMainTabBarController.h; sourceTree = "<group>"; };
/* End PBXFileReference section */

/* Begin PBXFrameworksBuildPhase section */
		97524A3B225324DF00A2F878 /* Frameworks */ = {
			isa = PBXFrameworksBuildPhase;
			buildActionMask = 2147483647;
			files = (
				B7B6421CBFDF434D7BC3EFE4 /* Pods_PictureWords.framework in Frameworks */,
			);
			runOnlyForDeploymentPostprocessing = 0;
		};
/* End PBXFrameworksBuildPhase section */

/* Begin PBXGroup section */
		48E625426F30E716F66E2813 /* Pods */ = {
			isa = PBXGroup;
			children = (
				47C8360D80E803BFC8F27326 /* Pods-PictureWords.debug.xcconfig */,
				6EE776E4226C1D609ED5D8FF /* Pods-PictureWords.release.xcconfig */,
			);
			path = Pods;
			sourceTree = "<group>";
		};
		97524A35225324DF00A2F878 = {
			isa = PBXGroup;
			children = (
				97524A40225324DF00A2F878 /* PictureWords */,
				97524A3F225324DF00A2F878 /* Products */,
				48E625426F30E716F66E2813 /* Pods */,
				D7A2A290A4226A61AA13DF7A /* Frameworks */,
			);
			sourceTree = "<group>";
		};
		97524A3F225324DF00A2F878 /* Products */ = {
			isa = PBXGroup;
			children = (
				97524A3E225324DF00A2F878 /* PictureWords.app */,
			);
			name = Products;
			sourceTree = "<group>";
		};
		97524A40225324DF00A2F878 /* PictureWords */ = {
			isa = PBXGroup;
			children = (
				FEBBAA2D237011BE00402A9B /* AppDelegate.h */,
				FEBBAA2C237011BE00402A9B /* AppDelegate.m */,
				FEBBAA2F237011BE00402A9B /* LTPMainTabBarController.h */,
				FEBBAA2E237011BE00402A9B /* LTPMainTabBarController.m */,
				FE9821BB228CFC2C00DBF6E5 /* Sources */,
			);
			path = PictureWords;
			sourceTree = "<group>";
		};
		D7A2A290A4226A61AA13DF7A /* Frameworks */ = {
			isa = PBXGroup;
			children = (
				C4A650DC671F7E5299269F94 /* Pods_PictureWords.framework */,
			);
			name = Frameworks;
			sourceTree = "<group>";
		};
		FE9821BB228CFC2C00DBF6E5 /* Sources */ = {
			isa = PBXGroup;
			children = (
				97524A4A225324DF00A2F878 /* Assets.xcassets */,
				97524A4F225324DF00A2F878 /* Info.plist */,
				FE96796B22B11CD6004585FF /* LaunchImage.storyboard */,
				97524A50225324DF00A2F878 /* main.m */,
				97163E952255D7A4007E3380 /* PrefixHeader.pch */,
			);
			path = Sources;
			sourceTree = "<group>";
		};
/* End PBXGroup section */

/* Begin PBXNativeTarget section */
		97524A3D225324DF00A2F878 /* PictureWords */ = {
			isa = PBXNativeTarget;
			buildConfigurationList = 97524A54225324DF00A2F878 /* Build configuration list for PBXNativeTarget "PictureWords" */;
			buildPhases = (
				EC94BA74BF3780692B12AF66 /* [CP] Check Pods Manifest.lock */,
				97524A3A225324DF00A2F878 /* Sources */,
				97524A3B225324DF00A2F878 /* Frameworks */,
				97524A3C225324DF00A2F878 /* Resources */,
				E581A3E5FFFD92BB32F57D8A /* [CP] Embed Pods Frameworks */,
				AB562BAA632758A3E0E3FA49 /* [CP] Copy Pods Resources */,
			);
			buildRules = (
			);
			dependencies = (
			);
			name = PictureWords;
			productName = PictureWords;
			productReference = 97524A3E225324DF00A2F878 /* PictureWords.app */;
			productType = "com.apple.product-type.application";
		};
/* End PBXNativeTarget section */

/* Begin PBXProject section */
		97524A36225324DF00A2F878 /* Project object */ = {
			isa = PBXProject;
			attributes = {
				LastUpgradeCheck = 1010;
				ORGANIZATIONNAME = english;
				TargetAttributes = {
					97524A3D225324DF00A2F878 = {
						CreatedOnToolsVersion = 10.1;
					};
				};
			};
			buildConfigurationList = 97524A39225324DF00A2F878 /* Build configuration list for PBXProject "PictureWords" */;
			compatibilityVersion = "Xcode 9.3";
			developmentRegion = en;
			hasScannedForEncodings = 0;
			knownRegions = (
				en,
				Base,
				"zh-Hans",
				"tz-ru",
				"tz-RU",
			);
			mainGroup = 97524A35225324DF00A2F878;
			productRefGroup = 97524A3F225324DF00A2F878 /* Products */;
			projectDirPath = "";
			projectRoot = "";
			targets = (
				97524A3D225324DF00A2F878 /* PictureWords */,
			);
		};
/* End PBXProject section */

/* Begin PBXResourcesBuildPhase section */
		97524A3C225324DF00A2F878 /* Resources */ = {
			isa = PBXResourcesBuildPhase;
			buildActionMask = 2147483647;
			files = (
				97524A4B225324DF00A2F878 /* Assets.xcassets in Resources */,
				FE96796C22B11CD6004585FF /* LaunchImage.storyboard in Resources */,
			);
			runOnlyForDeploymentPostprocessing = 0;
		};
/* End PBXResourcesBuildPhase section */

/* Begin PBXShellScriptBuildPhase section */
		AB562BAA632758A3E0E3FA49 /* [CP] Copy Pods Resources */ = {
			isa = PBXShellScriptBuildPhase;
			buildActionMask = 2147483647;
			files = (
			);
			inputFileListPaths = (
				"${PODS_ROOT}/Target Support Files/Pods-PictureWords/Pods-PictureWords-resources-${CONFIGURATION}-input-files.xcfilelist",
			);
			name = "[CP] Copy Pods Resources";
			outputFileListPaths = (
				"${PODS_ROOT}/Target Support Files/Pods-PictureWords/Pods-PictureWords-resources-${CONFIGURATION}-output-files.xcfilelist",
			);
			runOnlyForDeploymentPostprocessing = 0;
			shellPath = /bin/sh;
			shellScript = "\"${PODS_ROOT}/Target Support Files/Pods-PictureWords/Pods-PictureWords-resources.sh\"\n";
			showEnvVarsInLog = 0;
		};
		E581A3E5FFFD92BB32F57D8A /* [CP] Embed Pods Frameworks */ = {
			isa = PBXShellScriptBuildPhase;
			buildActionMask = 2147483647;
			files = (
			);
			inputFileListPaths = (
				"${PODS_ROOT}/Target Support Files/Pods-PictureWords/Pods-PictureWords-frameworks-${CONFIGURATION}-input-files.xcfilelist",
			);
			name = "[CP] Embed Pods Frameworks";
			outputFileListPaths = (
				"${PODS_ROOT}/Target Support Files/Pods-PictureWords/Pods-PictureWords-frameworks-${CONFIGURATION}-output-files.xcfilelist",
			);
			runOnlyForDeploymentPostprocessing = 0;
			shellPath = /bin/sh;
			shellScript = "\"${PODS_ROOT}/Target Support Files/Pods-PictureWords/Pods-PictureWords-frameworks.sh\"\n";
			showEnvVarsInLog = 0;
		};
		EC94BA74BF3780692B12AF66 /* [CP] Check Pods Manifest.lock */ = {
			isa = PBXShellScriptBuildPhase;
			buildActionMask = 2147483647;
			files = (
			);
			inputFileListPaths = (
			);
			inputPaths = (
				"${PODS_PODFILE_DIR_PATH}/Podfile.lock",
				"${PODS_ROOT}/Manifest.lock",
			);
			name = "[CP] Check Pods Manifest.lock";
			outputFileListPaths = (
			);
			outputPaths = (
				"$(DERIVED_FILE_DIR)/Pods-PictureWords-checkManifestLockResult.txt",
			);
			runOnlyForDeploymentPostprocessing = 0;
			shellPath = /bin/sh;
			shellScript = "diff \"${PODS_PODFILE_DIR_PATH}/Podfile.lock\" \"${PODS_ROOT}/Manifest.lock\" > /dev/null\nif [ $? != 0 ] ; then\n    # print error to STDERR\n    echo \"error: The sandbox is not in sync with the Podfile.lock. Run 'pod install' or update your CocoaPods installation.\" >&2\n    exit 1\nfi\n# This output is used by Xcode 'outputs' to avoid re-running this script phase.\necho \"SUCCESS\" > \"${SCRIPT_OUTPUT_FILE_0}\"\n";
			showEnvVarsInLog = 0;
		};
/* End PBXShellScriptBuildPhase section */

/* Begin PBXSourcesBuildPhase section */
		97524A3A225324DF00A2F878 /* Sources */ = {
			isa = PBXSourcesBuildPhase;
			buildActionMask = 2147483647;
			files = (
				FEBBAA30237011BE00402A9B /* AppDelegate.m in Sources */,
				FEBBAA31237011BE00402A9B /* LTPMainTabBarController.m in Sources */,
				97524A51225324DF00A2F878 /* main.m in Sources */,
			);
			runOnlyForDeploymentPostprocessing = 0;
		};
/* End PBXSourcesBuildPhase section */

/* Begin XCBuildConfiguration section */
		97524A52225324DF00A2F878 /* Debug */ = {
			isa = XCBuildConfiguration;
			buildSettings = {
				ALWAYS_SEARCH_USER_PATHS = NO;
				CLANG_ANALYZER_NONNULL = YES;
				CLANG_ANALYZER_NUMBER_OBJECT_CONVERSION = YES_AGGRESSIVE;
				CLANG_CXX_LANGUAGE_STANDARD = "gnu++14";
				CLANG_CXX_LIBRARY = "libc++";
				CLANG_ENABLE_MODULES = YES;
				CLANG_ENABLE_OBJC_ARC = YES;
				CLANG_ENABLE_OBJC_WEAK = YES;
				CLANG_WARN_BLOCK_CAPTURE_AUTORELEASING = YES;
				CLANG_WARN_BOOL_CONVERSION = YES;
				CLANG_WARN_COMMA = YES;
				CLANG_WARN_CONSTANT_CONVERSION = YES;
				CLANG_WARN_DEPRECATED_OBJC_IMPLEMENTATIONS = YES;
				CLANG_WARN_DIRECT_OBJC_ISA_USAGE = YES_ERROR;
				CLANG_WARN_DOCUMENTATION_COMMENTS = YES;
				CLANG_WARN_EMPTY_BODY = YES;
				CLANG_WARN_ENUM_CONVERSION = YES;
				CLANG_WARN_INFINITE_RECURSION = YES;
				CLANG_WARN_INT_CONVERSION = YES;
				CLANG_WARN_NON_LITERAL_NULL_CONVERSION = YES;
				CLANG_WARN_OBJC_IMPLICIT_RETAIN_SELF = YES;
				CLANG_WARN_OBJC_LITERAL_CONVERSION = YES;
				CLANG_WARN_OBJC_ROOT_CLASS = YES_ERROR;
				CLANG_WARN_RANGE_LOOP_ANALYSIS = YES;
				CLANG_WARN_STRICT_PROTOTYPES = YES;
				CLANG_WARN_SUSPICIOUS_MOVE = YES;
				CLANG_WARN_UNGUARDED_AVAILABILITY = YES_AGGRESSIVE;
				CLANG_WARN_UNREACHABLE_CODE = YES;
				CLANG_WARN__DUPLICATE_METHOD_MATCH = YES;
				CODE_SIGN_IDENTITY = "iPhone Developer";
				COPY_PHASE_STRIP = NO;
				DEBUG_INFORMATION_FORMAT = dwarf;
				ENABLE_STRICT_OBJC_MSGSEND = YES;
				ENABLE_TESTABILITY = YES;
				GCC_C_LANGUAGE_STANDARD = gnu11;
				GCC_DYNAMIC_NO_PIC = NO;
				GCC_NO_COMMON_BLOCKS = YES;
				GCC_OPTIMIZATION_LEVEL = 0;
				GCC_PREPROCESSOR_DEFINITIONS = (
					"DEBUG=1",
					"$(inherited)",
				);
				GCC_WARN_64_TO_32_BIT_CONVERSION = YES;
				GCC_WARN_ABOUT_RETURN_TYPE = YES_ERROR;
				GCC_WARN_UNDECLARED_SELECTOR = YES;
				GCC_WARN_UNINITIALIZED_AUTOS = YES_AGGRESSIVE;
				GCC_WARN_UNUSED_FUNCTION = YES;
				GCC_WARN_UNUSED_VARIABLE = YES;
				IPHONEOS_DEPLOYMENT_TARGET = 12.1;
				MTL_ENABLE_DEBUG_INFO = INCLUDE_SOURCE;
				MTL_FAST_MATH = YES;
				ONLY_ACTIVE_ARCH = YES;
				SDKROOT = iphoneos;
			};
			name = Debug;
		};
		97524A53225324DF00A2F878 /* Release */ = {
			isa = XCBuildConfiguration;
			buildSettings = {
				ALWAYS_SEARCH_USER_PATHS = NO;
				CLANG_ANALYZER_NONNULL = YES;
				CLANG_ANALYZER_NUMBER_OBJECT_CONVERSION = YES_AGGRESSIVE;
				CLANG_CXX_LANGUAGE_STANDARD = "gnu++14";
				CLANG_CXX_LIBRARY = "libc++";
				CLANG_ENABLE_MODULES = YES;
				CLANG_ENABLE_OBJC_ARC = YES;
				CLANG_ENABLE_OBJC_WEAK = YES;
				CLANG_WARN_BLOCK_CAPTURE_AUTORELEASING = YES;
				CLANG_WARN_BOOL_CONVERSION = YES;
				CLANG_WARN_COMMA = YES;
				CLANG_WARN_CONSTANT_CONVERSION = YES;
				CLANG_WARN_DEPRECATED_OBJC_IMPLEMENTATIONS = YES;
				CLANG_WARN_DIRECT_OBJC_ISA_USAGE = YES_ERROR;
				CLANG_WARN_DOCUMENTATION_COMMENTS = YES;
				CLANG_WARN_EMPTY_BODY = YES;
				CLANG_WARN_ENUM_CONVERSION = YES;
				CLANG_WARN_INFINITE_RECURSION = YES;
				CLANG_WARN_INT_CONVERSION = YES;
				CLANG_WARN_NON_LITERAL_NULL_CONVERSION = YES;
				CLANG_WARN_OBJC_IMPLICIT_RETAIN_SELF = YES;
				CLANG_WARN_OBJC_LITERAL_CONVERSION = YES;
				CLANG_WARN_OBJC_ROOT_CLASS = YES_ERROR;
				CLANG_WARN_RANGE_LOOP_ANALYSIS = YES;
				CLANG_WARN_STRICT_PROTOTYPES = YES;
				CLANG_WARN_SUSPICIOUS_MOVE = YES;
				CLANG_WARN_UNGUARDED_AVAILABILITY = YES_AGGRESSIVE;
				CLANG_WARN_UNREACHABLE_CODE = YES;
				CLANG_WARN__DUPLICATE_METHOD_MATCH = YES;
				CODE_SIGN_IDENTITY = "iPhone Developer";
				COPY_PHASE_STRIP = NO;
				DEBUG_INFORMATION_FORMAT = "dwarf-with-dsym";
				ENABLE_NS_ASSERTIONS = NO;
				ENABLE_STRICT_OBJC_MSGSEND = YES;
				GCC_C_LANGUAGE_STANDARD = gnu11;
				GCC_NO_COMMON_BLOCKS = YES;
				GCC_WARN_64_TO_32_BIT_CONVERSION = YES;
				GCC_WARN_ABOUT_RETURN_TYPE = YES_ERROR;
				GCC_WARN_UNDECLARED_SELECTOR = YES;
				GCC_WARN_UNINITIALIZED_AUTOS = YES_AGGRESSIVE;
				GCC_WARN_UNUSED_FUNCTION = YES;
				GCC_WARN_UNUSED_VARIABLE = YES;
				IPHONEOS_DEPLOYMENT_TARGET = 12.1;
				MTL_ENABLE_DEBUG_INFO = NO;
				MTL_FAST_MATH = YES;
				SDKROOT = iphoneos;
				VALIDATE_PRODUCT = YES;
			};
			name = Release;
		};
		97524A55225324DF00A2F878 /* Debug */ = {
			isa = XCBuildConfiguration;
			baseConfigurationReference = 47C8360D80E803BFC8F27326 /* Pods-PictureWords.debug.xcconfig */;
			buildSettings = {
				ASSETCATALOG_COMPILER_APPICON_NAME = AppIcon;
				CODE_SIGN_STYLE = Automatic;
				DEVELOPMENT_TEAM = SHMGPM9485;
				ENABLE_BITCODE = NO;
				FRAMEWORK_SEARCH_PATHS = (
					"$(inherited)",
					"$(PROJECT_DIR)",
					"$(PROJECT_DIR)/Thild/Vendor",
				);
				GCC_PRECOMPILE_PREFIX_HEADER = YES;
				GCC_PREFIX_HEADER = "$(SRCROOT)/PictureWords//Sources/PrefixHeader.pch";
				INFOPLIST_FILE = "$(SRCROOT)/PictureWords/Sources/Info.plist";
				IPHONEOS_DEPLOYMENT_TARGET = 9.0;
				LD_RUNPATH_SEARCH_PATHS = (
					"$(inherited)",
					"@executable_path/Frameworks",
				);
				LIBRARY_SEARCH_PATHS = (
					"$(inherited)",
					"$(PROJECT_DIR)",
				);
				NEW_SETTING = "";
				PRODUCT_BUNDLE_IDENTIFIER = app.look.learn;
				PRODUCT_NAME = "$(TARGET_NAME)";
				TARGETED_DEVICE_FAMILY = 1;
			};
			name = Debug;
		};
		97524A56225324DF00A2F878 /* Release */ = {
			isa = XCBuildConfiguration;
			baseConfigurationReference = 6EE776E4226C1D609ED5D8FF /* Pods-PictureWords.release.xcconfig */;
			buildSettings = {
				ASSETCATALOG_COMPILER_APPICON_NAME = AppIcon;
				CODE_SIGN_STYLE = Automatic;
				DEVELOPMENT_TEAM = SHMGPM9485;
				ENABLE_BITCODE = NO;
				FRAMEWORK_SEARCH_PATHS = (
					"$(inherited)",
					"$(PROJECT_DIR)",
					"$(PROJECT_DIR)/Thild/Vendor",
				);
				GCC_PRECOMPILE_PREFIX_HEADER = YES;
				GCC_PREFIX_HEADER = "$(SRCROOT)/PictureWords//Sources/PrefixHeader.pch";
				INFOPLIST_FILE = "$(SRCROOT)/PictureWords/Sources/Info.plist";
				IPHONEOS_DEPLOYMENT_TARGET = 9.0;
				LD_RUNPATH_SEARCH_PATHS = (
					"$(inherited)",
					"@executable_path/Frameworks",
				);
				LIBRARY_SEARCH_PATHS = (
					"$(inherited)",
					"$(PROJECT_DIR)",
				);
				NEW_SETTING = "";
				PRODUCT_BUNDLE_IDENTIFIER = app.look.learn;
				PRODUCT_NAME = "$(TARGET_NAME)";
				TARGETED_DEVICE_FAMILY = 1;
			};
			name = Release;
		};
/* End XCBuildConfiguration section */

/* Begin XCConfigurationList section */
		97524A39225324DF00A2F878 /* Build configuration list for PBXProject "PictureWords" */ = {
			isa = XCConfigurationList;
			buildConfigurations = (
				97524A52225324DF00A2F878 /* Debug */,
				97524A53225324DF00A2F878 /* Release */,
			);
			defaultConfigurationIsVisible = 0;
			defaultConfigurationName = Release;
		};
		97524A54225324DF00A2F878 /* Build configuration list for PBXNativeTarget "PictureWords" */ = {
			isa = XCConfigurationList;
			buildConfigurations = (
				97524A55225324DF00A2F878 /* Debug */,
				97524A56225324DF00A2F878 /* Release */,
			);
			defaultConfigurationIsVisible = 0;
			defaultConfigurationName = Release;
		};
/* End XCConfigurationList section */
	};
	rootObject = 97524A36225324DF00A2F878 /* Project object */;
}
